# This file was autogenerated by Stack.
# You should not edit this file by hand.
# For more information, please see the documentation at:
#   https://docs.haskellstack.org/en/stable/lock_files

packages:
- completed:
    hackage: ncurses-0.2.14@sha256:98d291520d0df15336980ba02635578958d8c41353efef208c130f8b07ac5f63,3575
    pantry-tree:
      size: 674
      sha256: a27a8699aee725e04512754ce8953888e8c2c7c84160e0a1220482569653f24c
  original:
    hackage: ncurses-0.2.14
snapshots:
- completed:
    size: 504771
    url: https://raw.githubusercontent.com/commercialhaskell/stackage-snapshots/master/lts/12/14.yaml
    sha256: 3cbd6c83316dd5e2bbc756dc7a2a4e31a31859c3f8b5c720efb6850b08e42649
  original: lts-12.14
